// !$*UTF8*$!
{
	archiveVersion = 1;
	classes = {
	};
	objectVersion = 77;
	objects = {

/* Begin PBXBuildFile section */
		0A2205E1F7B517DCB8FF7C8C /* BatCavePageFetcher.swift in Sources */ = {isa = PBXBuildFile; fileRef = A786BC66B42D273DE08C29E3 /* BatCavePageFetcher.swift */; };
		0AAA7ACFD7935BADE0E1AC10 /* ImportView.swift in Sources */ = {isa = PBXBuildFile; fileRef = 640135922A53F0FDE2BFEDE9 /* ImportView.swift */; };
		0C1E38893CAB2B217CA9D632 /* CoverViewer.swift in Sources */ = {isa = PBXBuildFile; fileRef = F6ECA8838FF66470193A9021 /* CoverViewer.swift */; };
		13A8C6AB3E55AC67FEC8D747 /* LibraryView.swift in Sources */ = {isa = PBXBuildFile; fileRef = B0919F3692489FEBE9A67D8D /* LibraryView.swift */; };
		1942E909CACBE7CCEE801E92 /* SourceCopy.swift in Sources */ = {isa = PBXBuildFile; fileRef = 00E88A7E0A2672D5EDB73075 /* SourceCopy.swift */; };
		1BAD08BEBBFB9D7731135C47 /* LandscapeReader.swift in Sources */ = {isa = PBXBuildFile; fileRef = 34748E5F97C1D524B809B9A6 /* LandscapeReader.swift */; };
		1F8D8F7DCA48D2DA048550C2 /* SiteCookies.swift in Sources */ = {isa = PBXBuildFile; fileRef = A1E7EFF3E8C993DA1BBBF76B /* SiteCookies.swift */; };
		23DF692EE050D85DCB75F6BC /* doc-cb7-64.png in Resources */ = {isa = PBXBuildFile; fileRef = C513801636D091C2BD0D6485 /* doc-cb7-64.png */; };
		278763B72E402382DACB2B79 /* doc-cb7-320.png in Resources */ = {isa = PBXBuildFile; fileRef = EDFFE5BA0EBAF9E86F8C4E98 /* doc-cb7-320.png */; };
		2E10845F8A9E2750ACBAC55A /* doc-cbz-320@2x.png in Resources */ = {isa = PBXBuildFile; fileRef = BE7A393384B132756718F835 /* doc-cbz-320@2x.png */; };
		3D97366363864E3EAA7557B3 /* doc-cb7-22x29@2x.png in Resources */ = {isa = PBXBuildFile; fileRef = E979F18360C33E8AA12F5AC4 /* doc-cb7-22x29@2x.png */; };
		3F553D071439DAD4541F9542 /* doc-cbz-22x29@2x.png in Resources */ = {isa = PBXBuildFile; fileRef = 290AA3125978FC4AF49B3385 /* doc-cbz-22x29@2x.png */; };
		3FD85296C4705E34E3F0A13B /* doc-cbr-64@2x.png in Resources */ = {isa = PBXBuildFile; fileRef = 760D433257D9C417D4423CDD /* doc-cbr-64@2x.png */; };
		4110343204827F1B5F4F7945 /* SZKit in Frameworks */ = {isa = PBXBuildFile; productRef = 3399FEF9FB0275D5FBB6A832 /* SZKit */; };
		4677EB9BD5DAE9AFC200E346 /* doc-cb7-320@2x.png in Resources */ = {isa = PBXBuildFile; fileRef = 97E71379268386BAE0403A48 /* doc-cb7-320@2x.png */; };
		479F9C38B6D874A03A3CF29F /* Assets.xcassets in Resources */ = {isa = PBXBuildFile; fileRef = 3F41C3389BD9E0C5FE60156A /* Assets.xcassets */; };
		4DA39CCBA66CCAC30888EB87 /* BrowserView.swift in Sources */ = {isa = PBXBuildFile; fileRef = 0DA4EDA742DCFD028234085B /* BrowserView.swift */; };
		518C2E59199A6EEDC5AFE537 /* doc-cbz-22x29.png in Resources */ = {isa = PBXBuildFile; fileRef = 1683F9D4335D6F0B274C8507 /* doc-cbz-22x29.png */; };
		52C701C079A1D2F0F30A38E8 /* doc-cbr-320@2x.png in Resources */ = {isa = PBXBuildFile; fileRef = 32711410E2C217A38ACD9360 /* doc-cbr-320@2x.png */; };
		55C858FDEF4D36FDEC15B62B /* doc-cbr-22x29@2x.png in Resources */ = {isa = PBXBuildFile; fileRef = 449B68EDD3BA210E9F67569E /* doc-cbr-22x29@2x.png */; };
		6055931414EE2EE0F39150DB /* doc-cbz-64@2x.png in Resources */ = {isa = PBXBuildFile; fileRef = B5E2C56DE04A7A80AC740C72 /* doc-cbz-64@2x.png */; };
		613E08FF9433141588097D20 /* doc-cbr-64.png in Resources */ = {isa = PBXBuildFile; fileRef = 61D75D17AE7F67889400E34F /* doc-cbr-64.png */; };
		670053E4B9842CA70D36D12D /* PrivacyInfo.xcprivacy in Resources */ = {isa = PBXBuildFile; fileRef = 897256247FA21EB8FD55169C /* PrivacyInfo.xcprivacy */; };
		7DBD0789233C33E3F7A57BF6 /* SZPages in Frameworks */ = {isa = PBXBuildFile; productRef = 5BC36025192763FD09412995 /* SZPages */; };
		83F3E5819531738DA88C0C86 /* BatCaveBrowserView.swift in Sources */ = {isa = PBXBuildFile; fileRef = A81AFE209214A6FAAC8BAC60 /* BatCaveBrowserView.swift */; };
		8BAE8FA4A68B422E6C8F6C61 /* SettingsView.swift in Sources */ = {isa = PBXBuildFile; fileRef = 29AF759576024F9476C06792 /* SettingsView.swift */; };
		8D11AF31CC02487A4E530E0C /* Device.swift in Sources */ = {isa = PBXBuildFile; fileRef = F917A2E24F939F7AEBBCAC66 /* Device.swift */; };
		8EA7D153B64D7FC686F85136 /* ComicBookPlusBrowserView.swift in Sources */ = {isa = PBXBuildFile; fileRef = 59EC0AC1675DCD565296E981 /* ComicBookPlusBrowserView.swift */; };
		94082F888333404B61A3C818 /* SZReaderApp.swift in Sources */ = {isa = PBXBuildFile; fileRef = C284B2C0F963BC58FA52D6C2 /* SZReaderApp.swift */; };
		95E0C572BF4994B77DDB41B0 /* CoverStore.swift in Sources */ = {isa = PBXBuildFile; fileRef = 3CC6EFA659EB171CBEEE07CA /* CoverStore.swift */; };
		A0542A495542645E1D9C357D /* ReaderView.swift in Sources */ = {isa = PBXBuildFile; fileRef = 10A12CF237924287D34868EA /* ReaderView.swift */; };
		A092008BB7ABE21563689DE9 /* doc-cbr-22x29.png in Resources */ = {isa = PBXBuildFile; fileRef = 0FF741E7B5E68CD19C6CB95F /* doc-cbr-22x29.png */; };
		A180414573F49DAA105EEF79 /* doc-cbr-320.png in Resources */ = {isa = PBXBuildFile; fileRef = 628D98457F6A91EB70457509 /* doc-cbr-320.png */; };
		A25A53F8EEE944BE693E6B7E /* ThumbnailProvider.swift in Sources */ = {isa = PBXBuildFile; fileRef = 701FD2F7938052A6F6C3F755 /* ThumbnailProvider.swift */; };
		A266BC6D28FDEB52E15EC225 /* SZReaderThumbnail.appex in Embed Foundation Extensions */ = {isa = PBXBuildFile; fileRef = 08F89792C9F94EF839D77979 /* SZReaderThumbnail.appex */; settings = {ATTRIBUTES = (RemoveHeadersOnCopy, ); }; };
		A9AC8D4751B5A4C2881677B4 /* doc-cbz-320.png in Resources */ = {isa = PBXBuildFile; fileRef = BE2468146136E1F75EA4A854 /* doc-cbz-320.png */; };
		B425E372DE9CDA7A6DD6AC0C /* doc-cb7-22x29.png in Resources */ = {isa = PBXBuildFile; fileRef = 7DD08A95A58F0A3C01646F28 /* doc-cb7-22x29.png */; };
		B92FA88B4A8D52E4D6689B04 /* doc-cbz-64.png in Resources */ = {isa = PBXBuildFile; fileRef = AF589C473AD29A9F998B5540 /* doc-cbz-64.png */; };
		BA4BB5AAC4C822A2A670E4E6 /* PagePickerView.swift in Sources */ = {isa = PBXBuildFile; fileRef = 09747345D1188621DE903027 /* PagePickerView.swift */; };
		C3D67BE7476EA65A108C6825 /* LocalFilesWatcher.swift in Sources */ = {isa = PBXBuildFile; fileRef = B1CF6BA68E8508223BA7F43F /* LocalFilesWatcher.swift */; };
		C60D7220DE77EEC3D2B69C65 /* AppInfo.swift in Sources */ = {isa = PBXBuildFile; fileRef = 98B96100C7CD082FD8703855 /* AppInfo.swift */; };
		D8B69D7A078A37E310965586 /* ArchiveBrowserView.swift in Sources */ = {isa = PBXBuildFile; fileRef = 1ECEA8FA212E036CC702DFBD /* ArchiveBrowserView.swift */; };
		E394C166FE3B68BDB594232D /* BrowserScreen.swift in Sources */ = {isa = PBXBuildFile; fileRef = 8483FF3778C83E8A0ED613BC /* BrowserScreen.swift */; };
		EF4C69050C28EE3748C0C45A /* doc-cb7-64@2x.png in Resources */ = {isa = PBXBuildFile; fileRef = D81D081AABADCE295D70819B /* doc-cb7-64@2x.png */; };
		F3E6287092C23A79A5D74554 /* SourceToggle.swift in Sources */ = {isa = PBXBuildFile; fileRef = 289683A4600939769465C523 /* SourceToggle.swift */; };
/* End PBXBuildFile section */

/* Begin PBXContainerItemProxy section */
		99D104B57C07CD7D25840CD6 /* PBXContainerItemProxy */ = {
			isa = PBXContainerItemProxy;
			containerPortal = 5554FA0E36BD6F1741193D5D /* Project object */;
			proxyType = 1;
			remoteGlobalIDString = F068A4EEFD7184A4FC1EE9B4;
			remoteInfo = SZReaderThumbnail;
		};
/* End PBXContainerItemProxy section */

/* Begin PBXCopyFilesBuildPhase section */
		EF481BF1EDFBA828160148E3 /* Embed Foundation Extensions */ = {
			isa = PBXCopyFilesBuildPhase;
			buildActionMask = 2147483647;
			dstPath = "";
			dstSubfolderSpec = 13;
			files = (
				A266BC6D28FDEB52E15EC225 /* SZReaderThumbnail.appex in Embed Foundation Extensions */,
			);
			name = "Embed Foundation Extensions";
			runOnlyForDeploymentPostprocessing = 0;
		};
/* End PBXCopyFilesBuildPhase section */

/* Begin PBXFileReference section */
		00E88A7E0A2672D5EDB73075 /* SourceCopy.swift */ = {isa = PBXFileReference; lastKnownFileType = sourcecode.swift; path = SourceCopy.swift; sourceTree = "<group>"; };
		08F89792C9F94EF839D77979 /* SZReaderThumbnail.appex */ = {isa = PBXFileReference; includeInIndex = 0; lastKnownFileType = "wrapper.app-extension"; path = SZReaderThumbnail.appex; sourceTree = BUILT_PRODUCTS_DIR; };
		09747345D1188621DE903027 /* PagePickerView.swift */ = {isa = PBXFileReference; lastKnownFileType = sourcecode.swift; path = PagePickerView.swift; sourceTree = "<group>"; };
		0DA4EDA742DCFD028234085B /* BrowserView.swift */ = {isa = PBXFileReference; lastKnownFileType = sourcecode.swift; path = BrowserView.swift; sourceTree = "<group>"; };
		0FF741E7B5E68CD19C6CB95F /* doc-cbr-22x29.png */ = {isa = PBXFileReference; lastKnownFileType = image.png; path = "doc-cbr-22x29.png"; sourceTree = "<group>"; };
		10A12CF237924287D34868EA /* ReaderView.swift */ = {isa = PBXFileReference; lastKnownFileType = sourcecode.swift; path = ReaderView.swift; sourceTree = "<group>"; };
		1229C8D684527B37F447CFFB /* SZReader.entitlements */ = {isa = PBXFileReference; lastKnownFileType = text.plist.entitlements; path = SZReader.entitlements; sourceTree = "<group>"; };
		1683F9D4335D6F0B274C8507 /* doc-cbz-22x29.png */ = {isa = PBXFileReference; lastKnownFileType = image.png; path = "doc-cbz-22x29.png"; sourceTree = "<group>"; };
		1ECEA8FA212E036CC702DFBD /* ArchiveBrowserView.swift */ = {isa = PBXFileReference; lastKnownFileType = sourcecode.swift; path = ArchiveBrowserView.swift; sourceTree = "<group>"; };
		289683A4600939769465C523 /* SourceToggle.swift */ = {isa = PBXFileReference; lastKnownFileType = sourcecode.swift; path = SourceToggle.swift; sourceTree = "<group>"; };
		290AA3125978FC4AF49B3385 /* doc-cbz-22x29@2x.png */ = {isa = PBXFileReference; lastKnownFileType = image.png; path = "doc-cbz-22x29@2x.png"; sourceTree = "<group>"; };
		29AF759576024F9476C06792 /* SettingsView.swift */ = {isa = PBXFileReference; lastKnownFileType = sourcecode.swift; path = SettingsView.swift; sourceTree = "<group>"; };
		32711410E2C217A38ACD9360 /* doc-cbr-320@2x.png */ = {isa = PBXFileReference; lastKnownFileType = image.png; path = "doc-cbr-320@2x.png"; sourceTree = "<group>"; };
		34748E5F97C1D524B809B9A6 /* LandscapeReader.swift */ = {isa = PBXFileReference; lastKnownFileType = sourcecode.swift; path = LandscapeReader.swift; sourceTree = "<group>"; };
		3CC6EFA659EB171CBEEE07CA /* CoverStore.swift */ = {isa = PBXFileReference; lastKnownFileType = sourcecode.swift; path = CoverStore.swift; sourceTree = "<group>"; };
		3F41C3389BD9E0C5FE60156A /* Assets.xcassets */ = {isa = PBXFileReference; lastKnownFileType = folder.assetcatalog; path = Assets.xcassets; sourceTree = "<group>"; };
		449B68EDD3BA210E9F67569E /* doc-cbr-22x29@2x.png */ = {isa = PBXFileReference; lastKnownFileType = image.png; path = "doc-cbr-22x29@2x.png"; sourceTree = "<group>"; };
		59EC0AC1675DCD565296E981 /* ComicBookPlusBrowserView.swift */ = {isa = PBXFileReference; lastKnownFileType = sourcecode.swift; path = ComicBookPlusBrowserView.swift; sourceTree = "<group>"; };
		61D75D17AE7F67889400E34F /* doc-cbr-64.png */ = {isa = PBXFileReference; lastKnownFileType = image.png; path = "doc-cbr-64.png"; sourceTree = "<group>"; };
		628D98457F6A91EB70457509 /* doc-cbr-320.png */ = {isa = PBXFileReference; lastKnownFileType = image.png; path = "doc-cbr-320.png"; sourceTree = "<group>"; };
		640135922A53F0FDE2BFEDE9 /* ImportView.swift */ = {isa = PBXFileReference; lastKnownFileType = sourcecode.swift; path = ImportView.swift; sourceTree = "<group>"; };
		701FD2F7938052A6F6C3F755 /* ThumbnailProvider.swift */ = {isa = PBXFileReference; lastKnownFileType = sourcecode.swift; path = ThumbnailProvider.swift; sourceTree = "<group>"; };
		760D433257D9C417D4423CDD /* doc-cbr-64@2x.png */ = {isa = PBXFileReference; lastKnownFileType = image.png; path = "doc-cbr-64@2x.png"; sourceTree = "<group>"; };
		7DD08A95A58F0A3C01646F28 /* doc-cb7-22x29.png */ = {isa = PBXFileReference; lastKnownFileType = image.png; path = "doc-cb7-22x29.png"; sourceTree = "<group>"; };
		8483FF3778C83E8A0ED613BC /* BrowserScreen.swift */ = {isa = PBXFileReference; lastKnownFileType = sourcecode.swift; path = BrowserScreen.swift; sourceTree = "<group>"; };
		897256247FA21EB8FD55169C /* PrivacyInfo.xcprivacy */ = {isa = PBXFileReference; path = PrivacyInfo.xcprivacy; sourceTree = "<group>"; };
		8BB52132DFB9CAD97122F6DD /* SZReader.app */ = {isa = PBXFileReference; includeInIndex = 0; lastKnownFileType = wrapper.application; path = SZReader.app; sourceTree = BUILT_PRODUCTS_DIR; };
		97E71379268386BAE0403A48 /* doc-cb7-320@2x.png */ = {isa = PBXFileReference; lastKnownFileType = image.png; path = "doc-cb7-320@2x.png"; sourceTree = "<group>"; };
		98B96100C7CD082FD8703855 /* AppInfo.swift */ = {isa = PBXFileReference; lastKnownFileType = sourcecode.swift; path = AppInfo.swift; sourceTree = "<group>"; };
		A1E7EFF3E8C993DA1BBBF76B /* SiteCookies.swift */ = {isa = PBXFileReference; lastKnownFileType = sourcecode.swift; path = SiteCookies.swift; sourceTree = "<group>"; };
		A786BC66B42D273DE08C29E3 /* BatCavePageFetcher.swift */ = {isa = PBXFileReference; lastKnownFileType = sourcecode.swift; path = BatCavePageFetcher.swift; sourceTree = "<group>"; };
		A81AFE209214A6FAAC8BAC60 /* BatCaveBrowserView.swift */ = {isa = PBXFileReference; lastKnownFileType = sourcecode.swift; path = BatCaveBrowserView.swift; sourceTree = "<group>"; };
		AF589C473AD29A9F998B5540 /* doc-cbz-64.png */ = {isa = PBXFileReference; lastKnownFileType = image.png; path = "doc-cbz-64.png"; sourceTree = "<group>"; };
		B0919F3692489FEBE9A67D8D /* LibraryView.swift */ = {isa = PBXFileReference; lastKnownFileType = sourcecode.swift; path = LibraryView.swift; sourceTree = "<group>"; };
		B1CF6BA68E8508223BA7F43F /* LocalFilesWatcher.swift */ = {isa = PBXFileReference; lastKnownFileType = sourcecode.swift; path = LocalFilesWatcher.swift; sourceTree = "<group>"; };
		B5E2C56DE04A7A80AC740C72 /* doc-cbz-64@2x.png */ = {isa = PBXFileReference; lastKnownFileType = image.png; path = "doc-cbz-64@2x.png"; sourceTree = "<group>"; };
		BE2468146136E1F75EA4A854 /* doc-cbz-320.png */ = {isa = PBXFileReference; lastKnownFileType = image.png; path = "doc-cbz-320.png"; sourceTree = "<group>"; };
		BE7A393384B132756718F835 /* doc-cbz-320@2x.png */ = {isa = PBXFileReference; lastKnownFileType = image.png; path = "doc-cbz-320@2x.png"; sourceTree = "<group>"; };
		C284B2C0F963BC58FA52D6C2 /* SZReaderApp.swift */ = {isa = PBXFileReference; lastKnownFileType = sourcecode.swift; path = SZReaderApp.swift; sourceTree = "<group>"; };
		C513801636D091C2BD0D6485 /* doc-cb7-64.png */ = {isa = PBXFileReference; lastKnownFileType = image.png; path = "doc-cb7-64.png"; sourceTree = "<group>"; };
		CCF6729017ACD258D0298D8F /* szreader */ = {isa = PBXFileReference; lastKnownFileType = folder; name = szreader; path = .; sourceTree = SOURCE_ROOT; };
		D81D081AABADCE295D70819B /* doc-cb7-64@2x.png */ = {isa = PBXFileReference; lastKnownFileType = image.png; path = "doc-cb7-64@2x.png"; sourceTree = "<group>"; };
		E979F18360C33E8AA12F5AC4 /* doc-cb7-22x29@2x.png */ = {isa = PBXFileReference; lastKnownFileType = image.png; path = "doc-cb7-22x29@2x.png"; sourceTree = "<group>"; };
		EDFFE5BA0EBAF9E86F8C4E98 /* doc-cb7-320.png */ = {isa = PBXFileReference; lastKnownFileType = image.png; path = "doc-cb7-320.png"; sourceTree = "<group>"; };
		F6ECA8838FF66470193A9021 /* CoverViewer.swift */ = {isa = PBXFileReference; lastKnownFileType = sourcecode.swift; path = CoverViewer.swift; sourceTree = "<group>"; };
		F917A2E24F939F7AEBBCAC66 /* Device.swift */ = {isa = PBXFileReference; lastKnownFileType = sourcecode.swift; path = Device.swift; sourceTree = "<group>"; };
/* End PBXFileReference section */

/* Begin PBXFrameworksBuildPhase section */
		8DD037F2AA934CF86E2A8D05 /* Frameworks */ = {
			isa = PBXFrameworksBuildPhase;
			buildActionMask = 2147483647;
			files = (
				7DBD0789233C33E3F7A57BF6 /* SZPages in Frameworks */,
			);
			runOnlyForDeploymentPostprocessing = 0;
		};
		9E2749D16F1C3F4FDA8F569B /* Frameworks */ = {
			isa = PBXFrameworksBuildPhase;
			buildActionMask = 2147483647;
			files = (
				4110343204827F1B5F4F7945 /* SZKit in Frameworks */,
			);
			runOnlyForDeploymentPostprocessing = 0;
		};
/* End PBXFrameworksBuildPhase section */

/* Begin PBXGroup section */
		08E4DB5942F4ED21E1F9A07D = {
			isa = PBXGroup;
			children = (
				6D38E51BEA6ADE92A8C05167 /* App */,
				E7E293B4E5D64AECE1AA57B9 /* Packages */,
				F20C023AC497D04C20DB1200 /* Thumbnail */,
				BF7678067E56BD03090A485C /* Products */,
			);
			sourceTree = "<group>";
		};
		3B39AB39E916FB02D64CC1F3 /* DocumentIcons */ = {
			isa = PBXGroup;
			children = (
				7DD08A95A58F0A3C01646F28 /* doc-cb7-22x29.png */,
				E979F18360C33E8AA12F5AC4 /* doc-cb7-22x29@2x.png */,
				C513801636D091C2BD0D6485 /* doc-cb7-64.png */,
				D81D081AABADCE295D70819B /* doc-cb7-64@2x.png */,
				EDFFE5BA0EBAF9E86F8C4E98 /* doc-cb7-320.png */,
				97E71379268386BAE0403A48 /* doc-cb7-320@2x.png */,
				0FF741E7B5E68CD19C6CB95F /* doc-cbr-22x29.png */,
				449B68EDD3BA210E9F67569E /* doc-cbr-22x29@2x.png */,
				61D75D17AE7F67889400E34F /* doc-cbr-64.png */,
				760D433257D9C417D4423CDD /* doc-cbr-64@2x.png */,
				628D98457F6A91EB70457509 /* doc-cbr-320.png */,
				32711410E2C217A38ACD9360 /* doc-cbr-320@2x.png */,
				1683F9D4335D6F0B274C8507 /* doc-cbz-22x29.png */,
				290AA3125978FC4AF49B3385 /* doc-cbz-22x29@2x.png */,
				AF589C473AD29A9F998B5540 /* doc-cbz-64.png */,
				B5E2C56DE04A7A80AC740C72 /* doc-cbz-64@2x.png */,
				BE2468146136E1F75EA4A854 /* doc-cbz-320.png */,
				BE7A393384B132756718F835 /* doc-cbz-320@2x.png */,
			);
			path = DocumentIcons;
			sourceTree = "<group>";
		};
		6D38E51BEA6ADE92A8C05167 /* App */ = {
			isa = PBXGroup;
			children = (
				3B39AB39E916FB02D64CC1F3 /* DocumentIcons */,
				98B96100C7CD082FD8703855 /* AppInfo.swift */,
				1ECEA8FA212E036CC702DFBD /* ArchiveBrowserView.swift */,
				3F41C3389BD9E0C5FE60156A /* Assets.xcassets */,
				A81AFE209214A6FAAC8BAC60 /* BatCaveBrowserView.swift */,
				A786BC66B42D273DE08C29E3 /* BatCavePageFetcher.swift */,
				8483FF3778C83E8A0ED613BC /* BrowserScreen.swift */,
				0DA4EDA742DCFD028234085B /* BrowserView.swift */,
				59EC0AC1675DCD565296E981 /* ComicBookPlusBrowserView.swift */,
				3CC6EFA659EB171CBEEE07CA /* CoverStore.swift */,
				F6ECA8838FF66470193A9021 /* CoverViewer.swift */,
				F917A2E24F939F7AEBBCAC66 /* Device.swift */,
				640135922A53F0FDE2BFEDE9 /* ImportView.swift */,
				34748E5F97C1D524B809B9A6 /* LandscapeReader.swift */,
				B0919F3692489FEBE9A67D8D /* LibraryView.swift */,
				B1CF6BA68E8508223BA7F43F /* LocalFilesWatcher.swift */,
				09747345D1188621DE903027 /* PagePickerView.swift */,
				897256247FA21EB8FD55169C /* PrivacyInfo.xcprivacy */,
				10A12CF237924287D34868EA /* ReaderView.swift */,
				29AF759576024F9476C06792 /* SettingsView.swift */,
				A1E7EFF3E8C993DA1BBBF76B /* SiteCookies.swift */,
				00E88A7E0A2672D5EDB73075 /* SourceCopy.swift */,
				289683A4600939769465C523 /* SourceToggle.swift */,
				1229C8D684527B37F447CFFB /* SZReader.entitlements */,
				C284B2C0F963BC58FA52D6C2 /* SZReaderApp.swift */,
			);
			path = App;
			sourceTree = "<group>";
		};
		BF7678067E56BD03090A485C /* Products */ = {
			isa = PBXGroup;
			children = (
				8BB52132DFB9CAD97122F6DD /* SZReader.app */,
				08F89792C9F94EF839D77979 /* SZReaderThumbnail.appex */,
			);
			name = Products;
			sourceTree = "<group>";
		};
		E7E293B4E5D64AECE1AA57B9 /* Packages */ = {
			isa = PBXGroup;
			children = (
				CCF6729017ACD258D0298D8F /* szreader */,
			);
			name = Packages;
			sourceTree = "<group>";
		};
		F20C023AC497D04C20DB1200 /* Thumbnail */ = {
			isa = PBXGroup;
			children = (
				701FD2F7938052A6F6C3F755 /* ThumbnailProvider.swift */,
			);
			path = Thumbnail;
			sourceTree = "<group>";
		};
/* End PBXGroup section */

/* Begin PBXNativeTarget section */
		59E0501CF570C127B4FE273B /* SZReader */ = {
			isa = PBXNativeTarget;
			buildConfigurationList = 990988926721347C38E6A0F9 /* Build configuration list for PBXNativeTarget "SZReader" */;
			buildPhases = (
				45A6A9D7D13614CBB0E0ECA6 /* Sources */,
				35126D3D7D751797B3F9AFA6 /* Resources */,
				9E2749D16F1C3F4FDA8F569B /* Frameworks */,
				EF481BF1EDFBA828160148E3 /* Embed Foundation Extensions */,
			);
			buildRules = (
			);
			dependencies = (
				26A91B0DC010B78E18EF4C70 /* PBXTargetDependency */,
			);
			name = SZReader;
			packageProductDependencies = (
				3399FEF9FB0275D5FBB6A832 /* SZKit */,
			);
			productName = SZReader;
			productReference = 8BB52132DFB9CAD97122F6DD /* SZReader.app */;
			productType = "com.apple.product-type.application";
		};
		F068A4EEFD7184A4FC1EE9B4 /* SZReaderThumbnail */ = {
			isa = PBXNativeTarget;
			buildConfigurationList = 45F9B78AD1C352E3C73B4895 /* Build configuration list for PBXNativeTarget "SZReaderThumbnail" */;
			buildPhases = (
				91D8B66F28A34A5368C876E9 /* Sources */,
				8DD037F2AA934CF86E2A8D05 /* Frameworks */,
			);
			buildRules = (
			);
			dependencies = (
			);
			name = SZReaderThumbnail;
			packageProductDependencies = (
				5BC36025192763FD09412995 /* SZPages */,
			);
			productName = SZReaderThumbnail;
			productReference = 08F89792C9F94EF839D77979 /* SZReaderThumbnail.appex */;
			productType = "com.apple.product-type.app-extension";
		};
/* End PBXNativeTarget section */

/* Begin PBXProject section */
		5554FA0E36BD6F1741193D5D /* Project object */ = {
			isa = PBXProject;
			attributes = {
				BuildIndependentTargetsInParallel = YES;
				LastUpgradeCheck = 1430;
				TargetAttributes = {
					59E0501CF570C127B4FE273B = {
						DevelopmentTeam = MUYBB8YH5X;
						ProvisioningStyle = Automatic;
					};
					F068A4EEFD7184A4FC1EE9B4 = {
						DevelopmentTeam = MUYBB8YH5X;
						ProvisioningStyle = Automatic;
					};
				};
			};
			buildConfigurationList = 3F1F92339916DC6B096DAD6F /* Build configuration list for PBXProject "SZReader" */;
			developmentRegion = en;
			hasScannedForEncodings = 0;
			knownRegions = (
				Base,
				en,
			);
			mainGroup = 08E4DB5942F4ED21E1F9A07D;
			minimizedProjectReferenceProxies = 1;
			packageReferences = (
				A63801432B77EAF4BF23E5E9 /* XCLocalSwiftPackageReference "." */,
			);
			preferredProjectObjectVersion = 77;
			productRefGroup = BF7678067E56BD03090A485C /* Products */;
			projectDirPath = "";
			projectRoot = "";
			targets = (
				59E0501CF570C127B4FE273B /* SZReader */,
				F068A4EEFD7184A4FC1EE9B4 /* SZReaderThumbnail */,
			);
		};
/* End PBXProject section */

/* Begin PBXResourcesBuildPhase section */
		35126D3D7D751797B3F9AFA6 /* Resources */ = {
			isa = PBXResourcesBuildPhase;
			buildActionMask = 2147483647;
			files = (
				479F9C38B6D874A03A3CF29F /* Assets.xcassets in Resources */,
				670053E4B9842CA70D36D12D /* PrivacyInfo.xcprivacy in Resources */,
				B425E372DE9CDA7A6DD6AC0C /* doc-cb7-22x29.png in Resources */,
				3D97366363864E3EAA7557B3 /* doc-cb7-22x29@2x.png in Resources */,
				278763B72E402382DACB2B79 /* doc-cb7-320.png in Resources */,
				4677EB9BD5DAE9AFC200E346 /* doc-cb7-320@2x.png in Resources */,
				23DF692EE050D85DCB75F6BC /* doc-cb7-64.png in Resources */,
				EF4C69050C28EE3748C0C45A /* doc-cb7-64@2x.png in Resources */,
				A092008BB7ABE21563689DE9 /* doc-cbr-22x29.png in Resources */,
				55C858FDEF4D36FDEC15B62B /* doc-cbr-22x29@2x.png in Resources */,
				A180414573F49DAA105EEF79 /* doc-cbr-320.png in Resources */,
				52C701C079A1D2F0F30A38E8 /* doc-cbr-320@2x.png in Resources */,
				613E08FF9433141588097D20 /* doc-cbr-64.png in Resources */,
				3FD85296C4705E34E3F0A13B /* doc-cbr-64@2x.png in Resources */,
				518C2E59199A6EEDC5AFE537 /* doc-cbz-22x29.png in Resources */,
				3F553D071439DAD4541F9542 /* doc-cbz-22x29@2x.png in Resources */,
				A9AC8D4751B5A4C2881677B4 /* doc-cbz-320.png in Resources */,
				2E10845F8A9E2750ACBAC55A /* doc-cbz-320@2x.png in Resources */,
				B92FA88B4A8D52E4D6689B04 /* doc-cbz-64.png in Resources */,
				6055931414EE2EE0F39150DB /* doc-cbz-64@2x.png in Resources */,
			);
			runOnlyForDeploymentPostprocessing = 0;
		};
/* End PBXResourcesBuildPhase section */

/* Begin PBXSourcesBuildPhase section */
		45A6A9D7D13614CBB0E0ECA6 /* Sources */ = {
			isa = PBXSourcesBuildPhase;
			buildActionMask = 2147483647;
			files = (
				C60D7220DE77EEC3D2B69C65 /* AppInfo.swift in Sources */,
				D8B69D7A078A37E310965586 /* ArchiveBrowserView.swift in Sources */,
				83F3E5819531738DA88C0C86 /* BatCaveBrowserView.swift in Sources */,
				0A2205E1F7B517DCB8FF7C8C /* BatCavePageFetcher.swift in Sources */,
				E394C166FE3B68BDB594232D /* BrowserScreen.swift in Sources */,
				4DA39CCBA66CCAC30888EB87 /* BrowserView.swift in Sources */,
				8EA7D153B64D7FC686F85136 /* ComicBookPlusBrowserView.swift in Sources */,
				95E0C572BF4994B77DDB41B0 /* CoverStore.swift in Sources */,
				0C1E38893CAB2B217CA9D632 /* CoverViewer.swift in Sources */,
				8D11AF31CC02487A4E530E0C /* Device.swift in Sources */,
				0AAA7ACFD7935BADE0E1AC10 /* ImportView.swift in Sources */,
				1BAD08BEBBFB9D7731135C47 /* LandscapeReader.swift in Sources */,
				13A8C6AB3E55AC67FEC8D747 /* LibraryView.swift in Sources */,
				C3D67BE7476EA65A108C6825 /* LocalFilesWatcher.swift in Sources */,
				BA4BB5AAC4C822A2A670E4E6 /* PagePickerView.swift in Sources */,
				A0542A495542645E1D9C357D /* ReaderView.swift in Sources */,
				94082F888333404B61A3C818 /* SZReaderApp.swift in Sources */,
				8BAE8FA4A68B422E6C8F6C61 /* SettingsView.swift in Sources */,
				1F8D8F7DCA48D2DA048550C2 /* SiteCookies.swift in Sources */,
				1942E909CACBE7CCEE801E92 /* SourceCopy.swift in Sources */,
				F3E6287092C23A79A5D74554 /* SourceToggle.swift in Sources */,
			);
			runOnlyForDeploymentPostprocessing = 0;
		};
		91D8B66F28A34A5368C876E9 /* Sources */ = {
			isa = PBXSourcesBuildPhase;
			buildActionMask = 2147483647;
			files = (
				A25A53F8EEE944BE693E6B7E /* ThumbnailProvider.swift in Sources */,
			);
			runOnlyForDeploymentPostprocessing = 0;
		};
/* End PBXSourcesBuildPhase section */

/* Begin PBXTargetDependency section */
		26A91B0DC010B78E18EF4C70 /* PBXTargetDependency */ = {
			isa = PBXTargetDependency;
			target = F068A4EEFD7184A4FC1EE9B4 /* SZReaderThumbnail */;
			targetProxy = 99D104B57C07CD7D25840CD6 /* PBXContainerItemProxy */;
		};
/* End PBXTargetDependency section */

/* Begin XCBuildConfiguration section */
		06D0EFB1697DD0759CCE3181 /* Debug */ = {
			isa = XCBuildConfiguration;
			buildSettings = {
				ALWAYS_SEARCH_USER_PATHS = NO;
				CLANG_ANALYZER_NONNULL = YES;
				CLANG_ANALYZER_NUMBER_OBJECT_CONVERSION = YES_AGGRESSIVE;
				CLANG_CXX_LANGUAGE_STANDARD = "gnu++14";
				CLANG_CXX_LIBRARY = "libc++";
				CLANG_ENABLE_MODULES = YES;
				CLANG_ENABLE_OBJC_ARC = YES;
				CLANG_ENABLE_OBJC_WEAK = YES;
				CLANG_WARN_BLOCK_CAPTURE_AUTORELEASING = YES;
				CLANG_WARN_BOOL_CONVERSION = YES;
				CLANG_WARN_COMMA = YES;
				CLANG_WARN_CONSTANT_CONVERSION = YES;
				CLANG_WARN_DEPRECATED_OBJC_IMPLEMENTATIONS = YES;
				CLANG_WARN_DIRECT_OBJC_ISA_USAGE = YES_ERROR;
				CLANG_WARN_DOCUMENTATION_COMMENTS = YES;
				CLANG_WARN_EMPTY_BODY = YES;
				CLANG_WARN_ENUM_CONVERSION = YES;
				CLANG_WARN_INFINITE_RECURSION = YES;
				CLANG_WARN_INT_CONVERSION = YES;
				CLANG_WARN_NON_LITERAL_NULL_CONVERSION = YES;
				CLANG_WARN_OBJC_IMPLICIT_RETAIN_SELF = YES;
				CLANG_WARN_OBJC_LITERAL_CONVERSION = YES;
				CLANG_WARN_OBJC_ROOT_CLASS = YES_ERROR;
				CLANG_WARN_QUOTED_INCLUDE_IN_FRAMEWORK_HEADER = YES;
				CLANG_WARN_RANGE_LOOP_ANALYSIS = YES;
				CLANG_WARN_STRICT_PROTOTYPES = YES;
				CLANG_WARN_SUSPICIOUS_MOVE = YES;
				CLANG_WARN_UNGUARDED_AVAILABILITY = YES_AGGRESSIVE;
				CLANG_WARN_UNREACHABLE_CODE = YES;
				CLANG_WARN__DUPLICATE_METHOD_MATCH = YES;
				COPY_PHASE_STRIP = NO;
				CURRENT_PROJECT_VERSION = 7;
				DEBUG_INFORMATION_FORMAT = dwarf;
				ENABLE_STRICT_OBJC_MSGSEND = YES;
				ENABLE_TESTABILITY = YES;
				GCC_C_LANGUAGE_STANDARD = gnu11;
				GCC_DYNAMIC_NO_PIC = NO;
				GCC_NO_COMMON_BLOCKS = YES;
				GCC_OPTIMIZATION_LEVEL = 0;
				GCC_PREPROCESSOR_DEFINITIONS = (
					"$(inherited)",
					"DEBUG=1",
				);
				GCC_WARN_64_TO_32_BIT_CONVERSION = YES;
				GCC_WARN_ABOUT_RETURN_TYPE = YES_ERROR;
				GCC_WARN_UNDECLARED_SELECTOR = YES;
				GCC_WARN_UNINITIALIZED_AUTOS = YES_AGGRESSIVE;
				GCC_WARN_UNUSED_FUNCTION = YES;
				GCC_WARN_UNUSED_VARIABLE = YES;
				IPHONEOS_DEPLOYMENT_TARGET = 16.0;
				MARKETING_VERSION = 1.3;
				MTL_ENABLE_DEBUG_INFO = INCLUDE_SOURCE;
				MTL_FAST_MATH = YES;
				ONLY_ACTIVE_ARCH = YES;
				PRODUCT_NAME = "$(TARGET_NAME)";
				SDKROOT = iphoneos;
				SWIFT_ACTIVE_COMPILATION_CONDITIONS = DEBUG;
				SWIFT_OPTIMIZATION_LEVEL = "-Onone";
				SWIFT_VERSION = 5.0;
			};
			name = Debug;
		};
		0F7116359B918179A42626D3 /* Debug */ = {
			isa = XCBuildConfiguration;
			buildSettings = {
				ASSETCATALOG_COMPILER_APPICON_NAME = AppIcon;
				CLANG_CXX_LANGUAGE_STANDARD = "c++14";
				CODE_SIGN_ENTITLEMENTS = App/SZReader.entitlements;
				CODE_SIGN_IDENTITY = "iPhone Developer";
				CODE_SIGN_STYLE = Automatic;
				DEVELOPMENT_TEAM = MUYBB8YH5X;
				ENABLE_USER_SCRIPT_SANDBOXING = NO;
				INFOPLIST_FILE = App/Info.plist;
				IPHONEOS_DEPLOYMENT_TARGET = 16.0;
				LD_RUNPATH_SEARCH_PATHS = (
					"$(inherited)",
					"@executable_path/Frameworks",
				);
				PRODUCT_BUNDLE_IDENTIFIER = com.mihailod.szreader;
				PRODUCT_NAME = SZReader;
				SDKROOT = iphoneos;
				SWIFT_ACTIVE_COMPILATION_CONDITIONS = DEBUG;
				SWIFT_VERSION = 5.9;
				TARGETED_DEVICE_FAMILY = "1,2";
			};
			name = Debug;
		};
		3E358D0AFCC759C4193BBC03 /* Release */ = {
			isa = XCBuildConfiguration;
			buildSettings = {
				ASSETCATALOG_COMPILER_APPICON_NAME = AppIcon;
				CLANG_CXX_LANGUAGE_STANDARD = "c++14";
				CODE_SIGN_ENTITLEMENTS = App/SZReader.entitlements;
				CODE_SIGN_IDENTITY = "iPhone Developer";
				CODE_SIGN_STYLE = Automatic;
				DEVELOPMENT_TEAM = MUYBB8YH5X;
				ENABLE_USER_SCRIPT_SANDBOXING = NO;
				INFOPLIST_FILE = App/Info.plist;
				IPHONEOS_DEPLOYMENT_TARGET = 16.0;
				LD_RUNPATH_SEARCH_PATHS = (
					"$(inherited)",
					"@executable_path/Frameworks",
				);
				PRODUCT_BUNDLE_IDENTIFIER = com.mihailod.szreader;
				PRODUCT_NAME = SZReader;
				SDKROOT = iphoneos;
				SWIFT_VERSION = 5.9;
				TARGETED_DEVICE_FAMILY = "1,2";
			};
			name = Release;
		};
		72FAF85DE29E177030767E55 /* Release */ = {
			isa = XCBuildConfiguration;
			buildSettings = {
				ALWAYS_SEARCH_USER_PATHS = NO;
				CLANG_ANALYZER_NONNULL = YES;
				CLANG_ANALYZER_NUMBER_OBJECT_CONVERSION = YES_AGGRESSIVE;
				CLANG_CXX_LANGUAGE_STANDARD = "gnu++14";
				CLANG_CXX_LIBRARY = "libc++";
				CLANG_ENABLE_MODULES = YES;
				CLANG_ENABLE_OBJC_ARC = YES;
				CLANG_ENABLE_OBJC_WEAK = YES;
				CLANG_WARN_BLOCK_CAPTURE_AUTORELEASING = YES;
				CLANG_WARN_BOOL_CONVERSION = YES;
				CLANG_WARN_COMMA = YES;
				CLANG_WARN_CONSTANT_CONVERSION = YES;
				CLANG_WARN_DEPRECATED_OBJC_IMPLEMENTATIONS = YES;
				CLANG_WARN_DIRECT_OBJC_ISA_USAGE = YES_ERROR;
				CLANG_WARN_DOCUMENTATION_COMMENTS = YES;
				CLANG_WARN_EMPTY_BODY = YES;
				CLANG_WARN_ENUM_CONVERSION = YES;
				CLANG_WARN_INFINITE_RECURSION = YES;
				CLANG_WARN_INT_CONVERSION = YES;
				CLANG_WARN_NON_LITERAL_NULL_CONVERSION = YES;
				CLANG_WARN_OBJC_IMPLICIT_RETAIN_SELF = YES;
				CLANG_WARN_OBJC_LITERAL_CONVERSION = YES;
				CLANG_WARN_OBJC_ROOT_CLASS = YES_ERROR;
				CLANG_WARN_QUOTED_INCLUDE_IN_FRAMEWORK_HEADER = YES;
				CLANG_WARN_RANGE_LOOP_ANALYSIS = YES;
				CLANG_WARN_STRICT_PROTOTYPES = YES;
				CLANG_WARN_SUSPICIOUS_MOVE = YES;
				CLANG_WARN_UNGUARDED_AVAILABILITY = YES_AGGRESSIVE;
				CLANG_WARN_UNREACHABLE_CODE = YES;
				CLANG_WARN__DUPLICATE_METHOD_MATCH = YES;
				COPY_PHASE_STRIP = NO;
				CURRENT_PROJECT_VERSION = 7;
				DEBUG_INFORMATION_FORMAT = "dwarf-with-dsym";
				ENABLE_NS_ASSERTIONS = NO;
				ENABLE_STRICT_OBJC_MSGSEND = YES;
				GCC_C_LANGUAGE_STANDARD = gnu11;
				GCC_NO_COMMON_BLOCKS = YES;
				GCC_WARN_64_TO_32_BIT_CONVERSION = YES;
				GCC_WARN_ABOUT_RETURN_TYPE = YES_ERROR;
				GCC_WARN_UNDECLARED_SELECTOR = YES;
				GCC_WARN_UNINITIALIZED_AUTOS = YES_AGGRESSIVE;
				GCC_WARN_UNUSED_FUNCTION = YES;
				GCC_WARN_UNUSED_VARIABLE = YES;
				IPHONEOS_DEPLOYMENT_TARGET = 16.0;
				MARKETING_VERSION = 1.3;
				MTL_ENABLE_DEBUG_INFO = NO;
				MTL_FAST_MATH = YES;
				PRODUCT_NAME = "$(TARGET_NAME)";
				SDKROOT = iphoneos;
				SWIFT_COMPILATION_MODE = wholemodule;
				SWIFT_OPTIMIZATION_LEVEL = "-O";
				SWIFT_VERSION = 5.0;
			};
			name = Release;
		};
		859B956D6B49D9A55104F61E /* Release */ = {
			isa = XCBuildConfiguration;
			buildSettings = {
				CLANG_CXX_LANGUAGE_STANDARD = "c++14";
				CODE_SIGN_STYLE = Automatic;
				DEVELOPMENT_TEAM = MUYBB8YH5X;
				INFOPLIST_FILE = Thumbnail/Info.plist;
				IPHONEOS_DEPLOYMENT_TARGET = 16.0;
				LD_RUNPATH_SEARCH_PATHS = (
					"$(inherited)",
					"@executable_path/Frameworks",
					"@executable_path/../../Frameworks",
				);
				PRODUCT_BUNDLE_IDENTIFIER = com.mihailod.szreader.thumbnail;
				PRODUCT_NAME = SZReaderThumbnail;
				SDKROOT = iphoneos;
				SWIFT_VERSION = 5.9;
				TARGETED_DEVICE_FAMILY = "1,2";
			};
			name = Release;
		};
		F1999545A7F9F0C1FEDC952F /* Debug */ = {
			isa = XCBuildConfiguration;
			buildSettings = {
				CLANG_CXX_LANGUAGE_STANDARD = "c++14";
				CODE_SIGN_STYLE = Automatic;
				DEVELOPMENT_TEAM = MUYBB8YH5X;
				INFOPLIST_FILE = Thumbnail/Info.plist;
				IPHONEOS_DEPLOYMENT_TARGET = 16.0;
				LD_RUNPATH_SEARCH_PATHS = (
					"$(inherited)",
					"@executable_path/Frameworks",
					"@executable_path/../../Frameworks",
				);
				PRODUCT_BUNDLE_IDENTIFIER = com.mihailod.szreader.thumbnail;
				PRODUCT_NAME = SZReaderThumbnail;
				SDKROOT = iphoneos;
				SWIFT_VERSION = 5.9;
				TARGETED_DEVICE_FAMILY = "1,2";
			};
			name = Debug;
		};
/* End XCBuildConfiguration section */

/* Begin XCConfigurationList section */
		3F1F92339916DC6B096DAD6F /* Build configuration list for PBXProject "SZReader" */ = {
			isa = XCConfigurationList;
			buildConfigurations = (
				06D0EFB1697DD0759CCE3181 /* Debug */,
				72FAF85DE29E177030767E55 /* Release */,
			);
			defaultConfigurationIsVisible = 0;
			defaultConfigurationName = Debug;
		};
		45F9B78AD1C352E3C73B4895 /* Build configuration list for PBXNativeTarget "SZReaderThumbnail" */ = {
			isa = XCConfigurationList;
			buildConfigurations = (
				F1999545A7F9F0C1FEDC952F /* Debug */,
				859B956D6B49D9A55104F61E /* Release */,
			);
			defaultConfigurationIsVisible = 0;
			defaultConfigurationName = Debug;
		};
		990988926721347C38E6A0F9 /* Build configuration list for PBXNativeTarget "SZReader" */ = {
			isa = XCConfigurationList;
			buildConfigurations = (
				0F7116359B918179A42626D3 /* Debug */,
				3E358D0AFCC759C4193BBC03 /* Release */,
			);
			defaultConfigurationIsVisible = 0;
			defaultConfigurationName = Debug;
		};
/* End XCConfigurationList section */

/* Begin XCLocalSwiftPackageReference section */
		A63801432B77EAF4BF23E5E9 /* XCLocalSwiftPackageReference "." */ = {
			isa = XCLocalSwiftPackageReference;
			relativePath = .;
		};
/* End XCLocalSwiftPackageReference section */

/* Begin XCSwiftPackageProductDependency section */
		3399FEF9FB0275D5FBB6A832 /* SZKit */ = {
			isa = XCSwiftPackageProductDependency;
			productName = SZKit;
		};
		5BC36025192763FD09412995 /* SZPages */ = {
			isa = XCSwiftPackageProductDependency;
			productName = SZPages;
		};
/* End XCSwiftPackageProductDependency section */
	};
	rootObject = 5554FA0E36BD6F1741193D5D /* Project object */;
}
