// !$*UTF8*$!
{
	archiveVersion = 1;
	classes = {
	};
	objectVersion = 77;
	objects = {

/* Begin PBXBuildFile section */
		0AAA7ACFD7935BADE0E1AC10 /* ImportView.swift in Sources */ = {isa = PBXBuildFile; fileRef = 640135922A53F0FDE2BFEDE9 /* ImportView.swift */; };
		0C1E38893CAB2B217CA9D632 /* CoverViewer.swift in Sources */ = {isa = PBXBuildFile; fileRef = F6ECA8838FF66470193A9021 /* CoverViewer.swift */; };
		13A8C6AB3E55AC67FEC8D747 /* LibraryView.swift in Sources */ = {isa = PBXBuildFile; fileRef = B0919F3692489FEBE9A67D8D /* LibraryView.swift */; };
		1BAD08BEBBFB9D7731135C47 /* LandscapeReader.swift in Sources */ = {isa = PBXBuildFile; fileRef = 34748E5F97C1D524B809B9A6 /* LandscapeReader.swift */; };
		4110343204827F1B5F4F7945 /* SZKit in Frameworks */ = {isa = PBXBuildFile; productRef = 3399FEF9FB0275D5FBB6A832 /* SZKit */; };
		479F9C38B6D874A03A3CF29F /* Assets.xcassets in Resources */ = {isa = PBXBuildFile; fileRef = 3F41C3389BD9E0C5FE60156A /* Assets.xcassets */; };
		4DA39CCBA66CCAC30888EB87 /* BrowserView.swift in Sources */ = {isa = PBXBuildFile; fileRef = 0DA4EDA742DCFD028234085B /* BrowserView.swift */; };
		670053E4B9842CA70D36D12D /* PrivacyInfo.xcprivacy in Resources */ = {isa = PBXBuildFile; fileRef = 897256247FA21EB8FD55169C /* PrivacyInfo.xcprivacy */; };
		8BAE8FA4A68B422E6C8F6C61 /* SettingsView.swift in Sources */ = {isa = PBXBuildFile; fileRef = 29AF759576024F9476C06792 /* SettingsView.swift */; };
		8D11AF31CC02487A4E530E0C /* Device.swift in Sources */ = {isa = PBXBuildFile; fileRef = F917A2E24F939F7AEBBCAC66 /* Device.swift */; };
		94082F888333404B61A3C818 /* SZReaderApp.swift in Sources */ = {isa = PBXBuildFile; fileRef = C284B2C0F963BC58FA52D6C2 /* SZReaderApp.swift */; };
		95E0C572BF4994B77DDB41B0 /* CoverStore.swift in Sources */ = {isa = PBXBuildFile; fileRef = 3CC6EFA659EB171CBEEE07CA /* CoverStore.swift */; };
		A0542A495542645E1D9C357D /* ReaderView.swift in Sources */ = {isa = PBXBuildFile; fileRef = 10A12CF237924287D34868EA /* ReaderView.swift */; };
		BA4BB5AAC4C822A2A670E4E6 /* PagePickerView.swift in Sources */ = {isa = PBXBuildFile; fileRef = 09747345D1188621DE903027 /* PagePickerView.swift */; };
		C60D7220DE77EEC3D2B69C65 /* AppInfo.swift in Sources */ = {isa = PBXBuildFile; fileRef = 98B96100C7CD082FD8703855 /* AppInfo.swift */; };
		D8B69D7A078A37E310965586 /* ArchiveBrowserView.swift in Sources */ = {isa = PBXBuildFile; fileRef = 1ECEA8FA212E036CC702DFBD /* ArchiveBrowserView.swift */; };
		E394C166FE3B68BDB594232D /* BrowserScreen.swift in Sources */ = {isa = PBXBuildFile; fileRef = 8483FF3778C83E8A0ED613BC /* BrowserScreen.swift */; };
		F3E6287092C23A79A5D74554 /* SourceToggle.swift in Sources */ = {isa = PBXBuildFile; fileRef = 289683A4600939769465C523 /* SourceToggle.swift */; };
/* End PBXBuildFile section */

/* Begin PBXFileReference section */
		09747345D1188621DE903027 /* PagePickerView.swift */ = {isa = PBXFileReference; lastKnownFileType = sourcecode.swift; path = PagePickerView.swift; sourceTree = "<group>"; };
		0DA4EDA742DCFD028234085B /* BrowserView.swift */ = {isa = PBXFileReference; lastKnownFileType = sourcecode.swift; path = BrowserView.swift; sourceTree = "<group>"; };
		10A12CF237924287D34868EA /* ReaderView.swift */ = {isa = PBXFileReference; lastKnownFileType = sourcecode.swift; path = ReaderView.swift; sourceTree = "<group>"; };
		1ECEA8FA212E036CC702DFBD /* ArchiveBrowserView.swift */ = {isa = PBXFileReference; lastKnownFileType = sourcecode.swift; path = ArchiveBrowserView.swift; sourceTree = "<group>"; };
		289683A4600939769465C523 /* SourceToggle.swift */ = {isa = PBXFileReference; lastKnownFileType = sourcecode.swift; path = SourceToggle.swift; sourceTree = "<group>"; };
		29AF759576024F9476C06792 /* SettingsView.swift */ = {isa = PBXFileReference; lastKnownFileType = sourcecode.swift; path = SettingsView.swift; sourceTree = "<group>"; };
		34748E5F97C1D524B809B9A6 /* LandscapeReader.swift */ = {isa = PBXFileReference; lastKnownFileType = sourcecode.swift; path = LandscapeReader.swift; sourceTree = "<group>"; };
		3CC6EFA659EB171CBEEE07CA /* CoverStore.swift */ = {isa = PBXFileReference; lastKnownFileType = sourcecode.swift; path = CoverStore.swift; sourceTree = "<group>"; };
		3F41C3389BD9E0C5FE60156A /* Assets.xcassets */ = {isa = PBXFileReference; lastKnownFileType = folder.assetcatalog; path = Assets.xcassets; sourceTree = "<group>"; };
		640135922A53F0FDE2BFEDE9 /* ImportView.swift */ = {isa = PBXFileReference; lastKnownFileType = sourcecode.swift; path = ImportView.swift; sourceTree = "<group>"; };
		8483FF3778C83E8A0ED613BC /* BrowserScreen.swift */ = {isa = PBXFileReference; lastKnownFileType = sourcecode.swift; path = BrowserScreen.swift; sourceTree = "<group>"; };
		897256247FA21EB8FD55169C /* PrivacyInfo.xcprivacy */ = {isa = PBXFileReference; path = PrivacyInfo.xcprivacy; sourceTree = "<group>"; };
		8BB52132DFB9CAD97122F6DD /* SZReader.app */ = {isa = PBXFileReference; includeInIndex = 0; lastKnownFileType = wrapper.application; path = SZReader.app; sourceTree = BUILT_PRODUCTS_DIR; };
		98B96100C7CD082FD8703855 /* AppInfo.swift */ = {isa = PBXFileReference; lastKnownFileType = sourcecode.swift; path = AppInfo.swift; sourceTree = "<group>"; };
		B0919F3692489FEBE9A67D8D /* LibraryView.swift */ = {isa = PBXFileReference; lastKnownFileType = sourcecode.swift; path = LibraryView.swift; sourceTree = "<group>"; };
		C284B2C0F963BC58FA52D6C2 /* SZReaderApp.swift */ = {isa = PBXFileReference; lastKnownFileType = sourcecode.swift; path = SZReaderApp.swift; sourceTree = "<group>"; };
		CCF6729017ACD258D0298D8F /* szreader */ = {isa = PBXFileReference; lastKnownFileType = folder; name = szreader; path = .; sourceTree = SOURCE_ROOT; };
		F6ECA8838FF66470193A9021 /* CoverViewer.swift */ = {isa = PBXFileReference; lastKnownFileType = sourcecode.swift; path = CoverViewer.swift; sourceTree = "<group>"; };
		F917A2E24F939F7AEBBCAC66 /* Device.swift */ = {isa = PBXFileReference; lastKnownFileType = sourcecode.swift; path = Device.swift; sourceTree = "<group>"; };
/* End PBXFileReference section */

/* Begin PBXFrameworksBuildPhase section */
		9E2749D16F1C3F4FDA8F569B /* Frameworks */ = {
			isa = PBXFrameworksBuildPhase;
			buildActionMask = 2147483647;
			files = (
				4110343204827F1B5F4F7945 /* SZKit in Frameworks */,
			);
			runOnlyForDeploymentPostprocessing = 0;
		};
/* End PBXFrameworksBuildPhase section */

/* Begin PBXGroup section */
		08E4DB5942F4ED21E1F9A07D = {
			isa = PBXGroup;
			children = (
				6D38E51BEA6ADE92A8C05167 /* App */,
				E7E293B4E5D64AECE1AA57B9 /* Packages */,
				BF7678067E56BD03090A485C /* Products */,
			);
			sourceTree = "<group>";
		};
		6D38E51BEA6ADE92A8C05167 /* App */ = {
			isa = PBXGroup;
			children = (
				98B96100C7CD082FD8703855 /* AppInfo.swift */,
				1ECEA8FA212E036CC702DFBD /* ArchiveBrowserView.swift */,
				3F41C3389BD9E0C5FE60156A /* Assets.xcassets */,
				8483FF3778C83E8A0ED613BC /* BrowserScreen.swift */,
				0DA4EDA742DCFD028234085B /* BrowserView.swift */,
				3CC6EFA659EB171CBEEE07CA /* CoverStore.swift */,
				F6ECA8838FF66470193A9021 /* CoverViewer.swift */,
				F917A2E24F939F7AEBBCAC66 /* Device.swift */,
				640135922A53F0FDE2BFEDE9 /* ImportView.swift */,
				34748E5F97C1D524B809B9A6 /* LandscapeReader.swift */,
				B0919F3692489FEBE9A67D8D /* LibraryView.swift */,
				09747345D1188621DE903027 /* PagePickerView.swift */,
				897256247FA21EB8FD55169C /* PrivacyInfo.xcprivacy */,
				10A12CF237924287D34868EA /* ReaderView.swift */,
				29AF759576024F9476C06792 /* SettingsView.swift */,
				289683A4600939769465C523 /* SourceToggle.swift */,
				C284B2C0F963BC58FA52D6C2 /* SZReaderApp.swift */,
			);
			path = App;
			sourceTree = "<group>";
		};
		BF7678067E56BD03090A485C /* Products */ = {
			isa = PBXGroup;
			children = (
				8BB52132DFB9CAD97122F6DD /* SZReader.app */,
			);
			name = Products;
			sourceTree = "<group>";
		};
		E7E293B4E5D64AECE1AA57B9 /* Packages */ = {
			isa = PBXGroup;
			children = (
				CCF6729017ACD258D0298D8F /* szreader */,
			);
			name = Packages;
			sourceTree = "<group>";
		};
/* End PBXGroup section */

/* Begin PBXNativeTarget section */
		59E0501CF570C127B4FE273B /* SZReader */ = {
			isa = PBXNativeTarget;
			buildConfigurationList = 990988926721347C38E6A0F9 /* Build configuration list for PBXNativeTarget "SZReader" */;
			buildPhases = (
				45A6A9D7D13614CBB0E0ECA6 /* Sources */,
				35126D3D7D751797B3F9AFA6 /* Resources */,
				9E2749D16F1C3F4FDA8F569B /* Frameworks */,
			);
			buildRules = (
			);
			dependencies = (
			);
			name = SZReader;
			packageProductDependencies = (
				3399FEF9FB0275D5FBB6A832 /* SZKit */,
			);
			productName = SZReader;
			productReference = 8BB52132DFB9CAD97122F6DD /* SZReader.app */;
			productType = "com.apple.product-type.application";
		};
/* End PBXNativeTarget section */

/* Begin PBXProject section */
		5554FA0E36BD6F1741193D5D /* Project object */ = {
			isa = PBXProject;
			attributes = {
				BuildIndependentTargetsInParallel = YES;
				LastUpgradeCheck = 1430;
				TargetAttributes = {
					59E0501CF570C127B4FE273B = {
						DevelopmentTeam = MUYBB8YH5X;
						ProvisioningStyle = Automatic;
					};
				};
			};
			buildConfigurationList = 3F1F92339916DC6B096DAD6F /* Build configuration list for PBXProject "SZReader" */;
			developmentRegion = en;
			hasScannedForEncodings = 0;
			knownRegions = (
				Base,
				en,
			);
			mainGroup = 08E4DB5942F4ED21E1F9A07D;
			minimizedProjectReferenceProxies = 1;
			packageReferences = (
				A63801432B77EAF4BF23E5E9 /* XCLocalSwiftPackageReference "." */,
			);
			preferredProjectObjectVersion = 77;
			productRefGroup = BF7678067E56BD03090A485C /* Products */;
			projectDirPath = "";
			projectRoot = "";
			targets = (
				59E0501CF570C127B4FE273B /* SZReader */,
			);
		};
/* End PBXProject section */

/* Begin PBXResourcesBuildPhase section */
		35126D3D7D751797B3F9AFA6 /* Resources */ = {
			isa = PBXResourcesBuildPhase;
			buildActionMask = 2147483647;
			files = (
				479F9C38B6D874A03A3CF29F /* Assets.xcassets in Resources */,
				670053E4B9842CA70D36D12D /* PrivacyInfo.xcprivacy in Resources */,
			);
			runOnlyForDeploymentPostprocessing = 0;
		};
/* End PBXResourcesBuildPhase section */

/* Begin PBXSourcesBuildPhase section */
		45A6A9D7D13614CBB0E0ECA6 /* Sources */ = {
			isa = PBXSourcesBuildPhase;
			buildActionMask = 2147483647;
			files = (
				C60D7220DE77EEC3D2B69C65 /* AppInfo.swift in Sources */,
				D8B69D7A078A37E310965586 /* ArchiveBrowserView.swift in Sources */,
				E394C166FE3B68BDB594232D /* BrowserScreen.swift in Sources */,
				4DA39CCBA66CCAC30888EB87 /* BrowserView.swift in Sources */,
				95E0C572BF4994B77DDB41B0 /* CoverStore.swift in Sources */,
				0C1E38893CAB2B217CA9D632 /* CoverViewer.swift in Sources */,
				8D11AF31CC02487A4E530E0C /* Device.swift in Sources */,
				0AAA7ACFD7935BADE0E1AC10 /* ImportView.swift in Sources */,
				1BAD08BEBBFB9D7731135C47 /* LandscapeReader.swift in Sources */,
				13A8C6AB3E55AC67FEC8D747 /* LibraryView.swift in Sources */,
				BA4BB5AAC4C822A2A670E4E6 /* PagePickerView.swift in Sources */,
				A0542A495542645E1D9C357D /* ReaderView.swift in Sources */,
				94082F888333404B61A3C818 /* SZReaderApp.swift in Sources */,
				8BAE8FA4A68B422E6C8F6C61 /* SettingsView.swift in Sources */,
				F3E6287092C23A79A5D74554 /* SourceToggle.swift in Sources */,
			);
			runOnlyForDeploymentPostprocessing = 0;
		};
/* End PBXSourcesBuildPhase section */

/* Begin XCBuildConfiguration section */
		06D0EFB1697DD0759CCE3181 /* Debug */ = {
			isa = XCBuildConfiguration;
			buildSettings = {
				ALWAYS_SEARCH_USER_PATHS = NO;
				CLANG_ANALYZER_NONNULL = YES;
				CLANG_ANALYZER_NUMBER_OBJECT_CONVERSION = YES_AGGRESSIVE;
				CLANG_CXX_LANGUAGE_STANDARD = "gnu++14";
				CLANG_CXX_LIBRARY = "libc++";
				CLANG_ENABLE_MODULES = YES;
				CLANG_ENABLE_OBJC_ARC = YES;
				CLANG_ENABLE_OBJC_WEAK = YES;
				CLANG_WARN_BLOCK_CAPTURE_AUTORELEASING = YES;
				CLANG_WARN_BOOL_CONVERSION = YES;
				CLANG_WARN_COMMA = YES;
				CLANG_WARN_CONSTANT_CONVERSION = YES;
				CLANG_WARN_DEPRECATED_OBJC_IMPLEMENTATIONS = YES;
				CLANG_WARN_DIRECT_OBJC_ISA_USAGE = YES_ERROR;
				CLANG_WARN_DOCUMENTATION_COMMENTS = YES;
				CLANG_WARN_EMPTY_BODY = YES;
				CLANG_WARN_ENUM_CONVERSION = YES;
				CLANG_WARN_INFINITE_RECURSION = YES;
				CLANG_WARN_INT_CONVERSION = YES;
				CLANG_WARN_NON_LITERAL_NULL_CONVERSION = YES;
				CLANG_WARN_OBJC_IMPLICIT_RETAIN_SELF = YES;
				CLANG_WARN_OBJC_LITERAL_CONVERSION = YES;
				CLANG_WARN_OBJC_ROOT_CLASS = YES_ERROR;
				CLANG_WARN_QUOTED_INCLUDE_IN_FRAMEWORK_HEADER = YES;
				CLANG_WARN_RANGE_LOOP_ANALYSIS = YES;
				CLANG_WARN_STRICT_PROTOTYPES = YES;
				CLANG_WARN_SUSPICIOUS_MOVE = YES;
				CLANG_WARN_UNGUARDED_AVAILABILITY = YES_AGGRESSIVE;
				CLANG_WARN_UNREACHABLE_CODE = YES;
				CLANG_WARN__DUPLICATE_METHOD_MATCH = YES;
				COPY_PHASE_STRIP = NO;
				DEBUG_INFORMATION_FORMAT = dwarf;
				ENABLE_STRICT_OBJC_MSGSEND = YES;
				ENABLE_TESTABILITY = YES;
				GCC_C_LANGUAGE_STANDARD = gnu11;
				GCC_DYNAMIC_NO_PIC = NO;
				GCC_NO_COMMON_BLOCKS = YES;
				GCC_OPTIMIZATION_LEVEL = 0;
				GCC_PREPROCESSOR_DEFINITIONS = (
					"$(inherited)",
					"DEBUG=1",
				);
				GCC_WARN_64_TO_32_BIT_CONVERSION = YES;
				GCC_WARN_ABOUT_RETURN_TYPE = YES_ERROR;
				GCC_WARN_UNDECLARED_SELECTOR = YES;
				GCC_WARN_UNINITIALIZED_AUTOS = YES_AGGRESSIVE;
				GCC_WARN_UNUSED_FUNCTION = YES;
				GCC_WARN_UNUSED_VARIABLE = YES;
				IPHONEOS_DEPLOYMENT_TARGET = 16.0;
				MTL_ENABLE_DEBUG_INFO = INCLUDE_SOURCE;
				MTL_FAST_MATH = YES;
				ONLY_ACTIVE_ARCH = YES;
				PRODUCT_NAME = "$(TARGET_NAME)";
				SDKROOT = iphoneos;
				SWIFT_ACTIVE_COMPILATION_CONDITIONS = DEBUG;
				SWIFT_OPTIMIZATION_LEVEL = "-Onone";
				SWIFT_VERSION = 5.0;
			};
			name = Debug;
		};
		0F7116359B918179A42626D3 /* Debug */ = {
			isa = XCBuildConfiguration;
			buildSettings = {
				ASSETCATALOG_COMPILER_APPICON_NAME = AppIcon;
				CLANG_CXX_LANGUAGE_STANDARD = "c++14";
				CODE_SIGN_IDENTITY = "iPhone Developer";
				CODE_SIGN_STYLE = Automatic;
				CURRENT_PROJECT_VERSION = 4;
				DEVELOPMENT_TEAM = MUYBB8YH5X;
				ENABLE_USER_SCRIPT_SANDBOXING = NO;
				INFOPLIST_FILE = App/Info.plist;
				IPHONEOS_DEPLOYMENT_TARGET = 16.0;
				LD_RUNPATH_SEARCH_PATHS = (
					"$(inherited)",
					"@executable_path/Frameworks",
				);
				MARKETING_VERSION = 1.1;
				PRODUCT_BUNDLE_IDENTIFIER = com.mihailod.szreader;
				PRODUCT_NAME = SZReader;
				SDKROOT = iphoneos;
				SWIFT_ACTIVE_COMPILATION_CONDITIONS = DEBUG;
				SWIFT_VERSION = 5.9;
				TARGETED_DEVICE_FAMILY = "1,2";
			};
			name = Debug;
		};
		3E358D0AFCC759C4193BBC03 /* Release */ = {
			isa = XCBuildConfiguration;
			buildSettings = {
				ASSETCATALOG_COMPILER_APPICON_NAME = AppIcon;
				CLANG_CXX_LANGUAGE_STANDARD = "c++14";
				CODE_SIGN_IDENTITY = "iPhone Developer";
				CODE_SIGN_STYLE = Automatic;
				CURRENT_PROJECT_VERSION = 4;
				DEVELOPMENT_TEAM = MUYBB8YH5X;
				ENABLE_USER_SCRIPT_SANDBOXING = NO;
				INFOPLIST_FILE = App/Info.plist;
				IPHONEOS_DEPLOYMENT_TARGET = 16.0;
				LD_RUNPATH_SEARCH_PATHS = (
					"$(inherited)",
					"@executable_path/Frameworks",
				);
				MARKETING_VERSION = 1.1;
				PRODUCT_BUNDLE_IDENTIFIER = com.mihailod.szreader;
				PRODUCT_NAME = SZReader;
				SDKROOT = iphoneos;
				SWIFT_VERSION = 5.9;
				TARGETED_DEVICE_FAMILY = "1,2";
			};
			name = Release;
		};
		72FAF85DE29E177030767E55 /* Release */ = {
			isa = XCBuildConfiguration;
			buildSettings = {
				ALWAYS_SEARCH_USER_PATHS = NO;
				CLANG_ANALYZER_NONNULL = YES;
				CLANG_ANALYZER_NUMBER_OBJECT_CONVERSION = YES_AGGRESSIVE;
				CLANG_CXX_LANGUAGE_STANDARD = "gnu++14";
				CLANG_CXX_LIBRARY = "libc++";
				CLANG_ENABLE_MODULES = YES;
				CLANG_ENABLE_OBJC_ARC = YES;
				CLANG_ENABLE_OBJC_WEAK = YES;
				CLANG_WARN_BLOCK_CAPTURE_AUTORELEASING = YES;
				CLANG_WARN_BOOL_CONVERSION = YES;
				CLANG_WARN_COMMA = YES;
				CLANG_WARN_CONSTANT_CONVERSION = YES;
				CLANG_WARN_DEPRECATED_OBJC_IMPLEMENTATIONS = YES;
				CLANG_WARN_DIRECT_OBJC_ISA_USAGE = YES_ERROR;
				CLANG_WARN_DOCUMENTATION_COMMENTS = YES;
				CLANG_WARN_EMPTY_BODY = YES;
				CLANG_WARN_ENUM_CONVERSION = YES;
				CLANG_WARN_INFINITE_RECURSION = YES;
				CLANG_WARN_INT_CONVERSION = YES;
				CLANG_WARN_NON_LITERAL_NULL_CONVERSION = YES;
				CLANG_WARN_OBJC_IMPLICIT_RETAIN_SELF = YES;
				CLANG_WARN_OBJC_LITERAL_CONVERSION = YES;
				CLANG_WARN_OBJC_ROOT_CLASS = YES_ERROR;
				CLANG_WARN_QUOTED_INCLUDE_IN_FRAMEWORK_HEADER = YES;
				CLANG_WARN_RANGE_LOOP_ANALYSIS = YES;
				CLANG_WARN_STRICT_PROTOTYPES = YES;
				CLANG_WARN_SUSPICIOUS_MOVE = YES;
				CLANG_WARN_UNGUARDED_AVAILABILITY = YES_AGGRESSIVE;
				CLANG_WARN_UNREACHABLE_CODE = YES;
				CLANG_WARN__DUPLICATE_METHOD_MATCH = YES;
				COPY_PHASE_STRIP = NO;
				DEBUG_INFORMATION_FORMAT = "dwarf-with-dsym";
				ENABLE_NS_ASSERTIONS = NO;
				ENABLE_STRICT_OBJC_MSGSEND = YES;
				GCC_C_LANGUAGE_STANDARD = gnu11;
				GCC_NO_COMMON_BLOCKS = YES;
				GCC_WARN_64_TO_32_BIT_CONVERSION = YES;
				GCC_WARN_ABOUT_RETURN_TYPE = YES_ERROR;
				GCC_WARN_UNDECLARED_SELECTOR = YES;
				GCC_WARN_UNINITIALIZED_AUTOS = YES_AGGRESSIVE;
				GCC_WARN_UNUSED_FUNCTION = YES;
				GCC_WARN_UNUSED_VARIABLE = YES;
				IPHONEOS_DEPLOYMENT_TARGET = 16.0;
				MTL_ENABLE_DEBUG_INFO = NO;
				MTL_FAST_MATH = YES;
				PRODUCT_NAME = "$(TARGET_NAME)";
				SDKROOT = iphoneos;
				SWIFT_COMPILATION_MODE = wholemodule;
				SWIFT_OPTIMIZATION_LEVEL = "-O";
				SWIFT_VERSION = 5.0;
			};
			name = Release;
		};
/* End XCBuildConfiguration section */

/* Begin XCConfigurationList section */
		3F1F92339916DC6B096DAD6F /* Build configuration list for PBXProject "SZReader" */ = {
			isa = XCConfigurationList;
			buildConfigurations = (
				06D0EFB1697DD0759CCE3181 /* Debug */,
				72FAF85DE29E177030767E55 /* Release */,
			);
			defaultConfigurationIsVisible = 0;
			defaultConfigurationName = Debug;
		};
		990988926721347C38E6A0F9 /* Build configuration list for PBXNativeTarget "SZReader" */ = {
			isa = XCConfigurationList;
			buildConfigurations = (
				0F7116359B918179A42626D3 /* Debug */,
				3E358D0AFCC759C4193BBC03 /* Release */,
			);
			defaultConfigurationIsVisible = 0;
			defaultConfigurationName = Debug;
		};
/* End XCConfigurationList section */

/* Begin XCLocalSwiftPackageReference section */
		A63801432B77EAF4BF23E5E9 /* XCLocalSwiftPackageReference "." */ = {
			isa = XCLocalSwiftPackageReference;
			relativePath = .;
		};
/* End XCLocalSwiftPackageReference section */

/* Begin XCSwiftPackageProductDependency section */
		3399FEF9FB0275D5FBB6A832 /* SZKit */ = {
			isa = XCSwiftPackageProductDependency;
			productName = SZKit;
		};
/* End XCSwiftPackageProductDependency section */
	};
	rootObject = 5554FA0E36BD6F1741193D5D /* Project object */;
}
